
Microsoft Visual Studio Solution File, Format Version 12.00
# Visual Studio Version 16
VisualStudioVersion = 16.0.28803.452
MinimumVisualStudioVersion = 10.0.40219.1
Project("{9A19103F-16F7-4668-BE54-9A1E7A4F7556}") = "Mmu.Mlh.RaspberryPi", "Sources\Application\Mmu.Mlh.RaspberryPi.csproj", "{BC3C9978-2FFF-436A-96BD-CAB9427D66CA}"
EndProject
Project("{9A19103F-16F7-4668-BE54-9A1E7A4F7556}") = "Mmu.Mlh.RaspberryPi.TestConsole", "Sources\TestConsole\Mmu.Mlh.RaspberryPi.TestConsole.csproj", "{F7B7E8AB-91D9-422C-91D7-114732C4256B}"
EndProject
Global
	GlobalSection(SolutionConfigurationPlatforms) = preSolution
		Debug|Any CPU = Debug|Any CPU
		Release|Any CPU = Release|Any CPU
	EndGlobalSection
	GlobalSection(ProjectConfigurationPlatforms) = postSolution
		{BC3C9978-2FFF-436A-96BD-CAB9427D66CA}.Debug|Any CPU.ActiveCfg = Debug|Any CPU
		{BC3C9978-2FFF-436A-96BD-CAB9427D66CA}.Debug|Any CPU.Build.0 = Debug|Any CPU
		{BC3C9978-2FFF-436A-96BD-CAB9427D66CA}.Release|Any CPU.ActiveCfg = Release|Any CPU
		{BC3C9978-2FFF-436A-96BD-CAB9427D66CA}.Release|Any CPU.Build.0 = Release|Any CPU
		{F7B7E8AB-91D9-422C-91D7-114732C4256B}.Debug|Any CPU.ActiveCfg = Debug|Any CPU
		{F7B7E8AB-91D9-422C-91D7-114732C4256B}.Debug|Any CPU.Build.0 = Debug|Any CPU
		{F7B7E8AB-91D9-422C-91D7-114732C4256B}.Release|Any CPU.ActiveCfg = Release|Any CPU
		{F7B7E8AB-91D9-422C-91D7-114732C4256B}.Release|Any CPU.Build.0 = Release|Any CPU
	EndGlobalSection
	GlobalSection(SolutionProperties) = preSolution
		HideSolutionNode = FALSE
	EndGlobalSection
	GlobalSection(ExtensibilityGlobals) = postSolution
		SolutionGuid = {F6F075F1-D12C-4F4D-8AA7-8B06EFF8C268}
	EndGlobalSection
EndGlobal
